
Microsoft Visual Studio Solution File, Format Version 12.00
# Visual Studio 15
VisualStudioVersion = 15.0.27004.2010
MinimumVisualStudioVersion = 10.0.40219.1
Project("{FAE04EC0-301F-11D3-BF4B-00C04F79EFBC}") = "Day01", "Day01\Day01.csproj", "{8F6C6CD8-763C-4F0A-9A48-581672F37564}"
EndProject
Project("{FAE04EC0-301F-11D3-BF4B-00C04F79EFBC}") = "Day02", "Day02\Day02.csproj", "{399CACD8-454D-4844-B4F8-32151DA87D82}"
EndProject
Project("{FAE04EC0-301F-11D3-BF4B-00C04F79EFBC}") = "Day03", "Day03\Day03.csproj", "{53321BB6-BAFB-4DEE-855C-3BD091DEE784}"
EndProject
Project("{FAE04EC0-301F-11D3-BF4B-00C04F79EFBC}") = "Day04", "Day04\Day04.csproj", "{F8443897-E716-4E4B-810D-D53735C2FF26}"
EndProject
Project("{2150E333-8FDC-42A3-9474-1A3956D46DE8}") = "Solution Items", "Solution Items", "{D0196EEE-32A9-4CC9-8592-6EACAE39CFE6}"
	ProjectSection(SolutionItems) = preProject
		README.md = README.md
	EndProjectSection
EndProject
Project("{FAE04EC0-301F-11D3-BF4B-00C04F79EFBC}") = "Day05", "Day05\Day05.csproj", "{32EDA08C-EAFB-420C-9BEA-F865042938ED}"
EndProject
Project("{FAE04EC0-301F-11D3-BF4B-00C04F79EFBC}") = "Day06", "Day06\Day06.csproj", "{47BFB2F9-89C1-438E-AA52-0C74BB36AB8E}"
EndProject
Global
	GlobalSection(SolutionConfigurationPlatforms) = preSolution
		Debug|Any CPU = Debug|Any CPU
		Release|Any CPU = Release|Any CPU
	EndGlobalSection
	GlobalSection(ProjectConfigurationPlatforms) = postSolution
		{8F6C6CD8-763C-4F0A-9A48-581672F37564}.Debug|Any CPU.ActiveCfg = Debug|Any CPU
		{8F6C6CD8-763C-4F0A-9A48-581672F37564}.Debug|Any CPU.Build.0 = Debug|Any CPU
		{8F6C6CD8-763C-4F0A-9A48-581672F37564}.Release|Any CPU.ActiveCfg = Release|Any CPU
		{8F6C6CD8-763C-4F0A-9A48-581672F37564}.Release|Any CPU.Build.0 = Release|Any CPU
		{399CACD8-454D-4844-B4F8-32151DA87D82}.Debug|Any CPU.ActiveCfg = Debug|Any CPU
		{399CACD8-454D-4844-B4F8-32151DA87D82}.Debug|Any CPU.Build.0 = Debug|Any CPU
		{399CACD8-454D-4844-B4F8-32151DA87D82}.Release|Any CPU.ActiveCfg = Release|Any CPU
		{399CACD8-454D-4844-B4F8-32151DA87D82}.Release|Any CPU.Build.0 = Release|Any CPU
		{53321BB6-BAFB-4DEE-855C-3BD091DEE784}.Debug|Any CPU.ActiveCfg = Debug|Any CPU
		{53321BB6-BAFB-4DEE-855C-3BD091DEE784}.Debug|Any CPU.Build.0 = Debug|Any CPU
		{53321BB6-BAFB-4DEE-855C-3BD091DEE784}.Release|Any CPU.ActiveCfg = Release|Any CPU
		{53321BB6-BAFB-4DEE-855C-3BD091DEE784}.Release|Any CPU.Build.0 = Release|Any CPU
		{F8443897-E716-4E4B-810D-D53735C2FF26}.Debug|Any CPU.ActiveCfg = Debug|Any CPU
		{F8443897-E716-4E4B-810D-D53735C2FF26}.Debug|Any CPU.Build.0 = Debug|Any CPU
		{F8443897-E716-4E4B-810D-D53735C2FF26}.Release|Any CPU.ActiveCfg = Release|Any CPU
		{F8443897-E716-4E4B-810D-D53735C2FF26}.Release|Any CPU.Build.0 = Release|Any CPU
		{32EDA08C-EAFB-420C-9BEA-F865042938ED}.Debug|Any CPU.ActiveCfg = Debug|Any CPU
		{32EDA08C-EAFB-420C-9BEA-F865042938ED}.Debug|Any CPU.Build.0 = Debug|Any CPU
		{32EDA08C-EAFB-420C-9BEA-F865042938ED}.Release|Any CPU.ActiveCfg = Release|Any CPU
		{32EDA08C-EAFB-420C-9BEA-F865042938ED}.Release|Any CPU.Build.0 = Release|Any CPU
		{47BFB2F9-89C1-438E-AA52-0C74BB36AB8E}.Debug|Any CPU.ActiveCfg = Debug|Any CPU
		{47BFB2F9-89C1-438E-AA52-0C74BB36AB8E}.Debug|Any CPU.Build.0 = Debug|Any CPU
		{47BFB2F9-89C1-438E-AA52-0C74BB36AB8E}.Release|Any CPU.ActiveCfg = Release|Any CPU
		{47BFB2F9-89C1-438E-AA52-0C74BB36AB8E}.Release|Any CPU.Build.0 = Release|Any CPU
	EndGlobalSection
	GlobalSection(SolutionProperties) = preSolution
		HideSolutionNode = FALSE
	EndGlobalSection
	GlobalSection(ExtensibilityGlobals) = postSolution
		SolutionGuid = {CC7C02EB-C1EA-4B60-AB84-E28D4E66AEDE}
	EndGlobalSection
EndGlobal
